
Microsoft Visual Studio Solution File, Format Version 12.00
# Visual Studio 15
VisualStudioVersion = 15.0.28307.136
MinimumVisualStudioVersion = 10.0.40219.1
Project("{FAE04EC0-301F-11D3-BF4B-00C04F79EFBC}") = "OpenAgent", "OpenAgent\OpenAgent.csproj", "{FAFC1C64-7184-4F72-8AEA-E1F76606723D}"
EndProject
Global
	GlobalSection(SolutionConfigurationPlatforms) = preSolution
		Debug|Any CPU = Debug|Any CPU
		Release|Any CPU = Release|Any CPU
	EndGlobalSection
	GlobalSection(ProjectConfigurationPlatforms) = postSolution
		{FAFC1C64-7184-4F72-8AEA-E1F76606723D}.Debug|Any CPU.ActiveCfg = Debug|Any CPU
		{FAFC1C64-7184-4F72-8AEA-E1F76606723D}.Debug|Any CPU.Build.0 = Debug|Any CPU
		{FAFC1C64-7184-4F72-8AEA-E1F76606723D}.Release|Any CPU.ActiveCfg = Release|Any CPU
		{FAFC1C64-7184-4F72-8AEA-E1F76606723D}.Release|Any CPU.Build.0 = Release|Any CPU
	EndGlobalSection
	GlobalSection(SolutionProperties) = preSolution
		HideSolutionNode = FALSE
	EndGlobalSection
	GlobalSection(ExtensibilityGlobals) = postSolution
		SolutionGuid = {E2381E64-E60D-493E-A096-EC5AC16B1088}
	EndGlobalSection
EndGlobal
